
Microsoft Visual Studio Solution File, Format Version 12.00
# Visual Studio Version 17
VisualStudioVersion = 17.0.31903.59
MinimumVisualStudioVersion = 10.0.40219.1
Project("{FAE04EC0-301F-11D3-BF4B-00C04F79EFBC}") = "API", "API\API.csproj", "{0246C636-7D52-46E7-8F8E-33002BA7B458}"
EndProject
Project("{FAE04EC0-301F-11D3-BF4B-00C04F79EFBC}") = "Application", "Application\Application.csproj", "{65A1E6E9-C85A-4B33-9701-98CED6C777A8}"
EndProject
Project("{FAE04EC0-301F-11D3-BF4B-00C04F79EFBC}") = "Domain", "Domain\Domain.csproj", "{3748CFB2-0FD3-47DD-ABEE-1BD610C5A01B}"
EndProject
Project("{FAE04EC0-301F-11D3-BF4B-00C04F79EFBC}") = "Persistence", "Persistence\Persistence.csproj", "{DB6DF2DD-9FA4-4884-A748-0CD7CFEA5D90}"
EndProject
Global
	GlobalSection(SolutionConfigurationPlatforms) = preSolution
		Debug|Any CPU = Debug|Any CPU
		Debug|x64 = Debug|x64
		Debug|x86 = Debug|x86
		Release|Any CPU = Release|Any CPU
		Release|x64 = Release|x64
		Release|x86 = Release|x86
	EndGlobalSection
	GlobalSection(ProjectConfigurationPlatforms) = postSolution
		{0246C636-7D52-46E7-8F8E-33002BA7B458}.Debug|Any CPU.ActiveCfg = Debug|Any CPU
		{0246C636-7D52-46E7-8F8E-33002BA7B458}.Debug|Any CPU.Build.0 = Debug|Any CPU
		{0246C636-7D52-46E7-8F8E-33002BA7B458}.Debug|x64.ActiveCfg = Debug|Any CPU
		{0246C636-7D52-46E7-8F8E-33002BA7B458}.Debug|x64.Build.0 = Debug|Any CPU
		{0246C636-7D52-46E7-8F8E-33002BA7B458}.Debug|x86.ActiveCfg = Debug|Any CPU
		{0246C636-7D52-46E7-8F8E-33002BA7B458}.Debug|x86.Build.0 = Debug|Any CPU
		{0246C636-7D52-46E7-8F8E-33002BA7B458}.Release|Any CPU.ActiveCfg = Release|Any CPU
		{0246C636-7D52-46E7-8F8E-33002BA7B458}.Release|Any CPU.Build.0 = Release|Any CPU
		{0246C636-7D52-46E7-8F8E-33002BA7B458}.Release|x64.ActiveCfg = Release|Any CPU
		{0246C636-7D52-46E7-8F8E-33002BA7B458}.Release|x64.Build.0 = Release|Any CPU
		{0246C636-7D52-46E7-8F8E-33002BA7B458}.Release|x86.ActiveCfg = Release|Any CPU
		{0246C636-7D52-46E7-8F8E-33002BA7B458}.Release|x86.Build.0 = Release|Any CPU
		{65A1E6E9-C85A-4B33-9701-98CED6C777A8}.Debug|Any CPU.ActiveCfg = Debug|Any CPU
		{65A1E6E9-C85A-4B33-9701-98CED6C777A8}.Debug|Any CPU.Build.0 = Debug|Any CPU
		{65A1E6E9-C85A-4B33-9701-98CED6C777A8}.Debug|x64.ActiveCfg = Debug|Any CPU
		{65A1E6E9-C85A-4B33-9701-98CED6C777A8}.Debug|x64.Build.0 = Debug|Any CPU
		{65A1E6E9-C85A-4B33-9701-98CED6C777A8}.Debug|x86.ActiveCfg = Debug|Any CPU
		{65A1E6E9-C85A-4B33-9701-98CED6C777A8}.Debug|x86.Build.0 = Debug|Any CPU
		{65A1E6E9-C85A-4B33-9701-98CED6C777A8}.Release|Any CPU.ActiveCfg = Release|Any CPU
		{65A1E6E9-C85A-4B33-9701-98CED6C777A8}.Release|Any CPU.Build.0 = Release|Any CPU
		{65A1E6E9-C85A-4B33-9701-98CED6C777A8}.Release|x64.ActiveCfg = Release|Any CPU
		{65A1E6E9-C85A-4B33-9701-98CED6C777A8}.Release|x64.Build.0 = Release|Any CPU
		{65A1E6E9-C85A-4B33-9701-98CED6C777A8}.Release|x86.ActiveCfg = Release|Any CPU
		{65A1E6E9-C85A-4B33-9701-98CED6C777A8}.Release|x86.Build.0 = Release|Any CPU
		{3748CFB2-0FD3-47DD-ABEE-1BD610C5A01B}.Debug|Any CPU.ActiveCfg = Debug|Any CPU
		{3748CFB2-0FD3-47DD-ABEE-1BD610C5A01B}.Debug|Any CPU.Build.0 = Debug|Any CPU
		{3748CFB2-0FD3-47DD-ABEE-1BD610C5A01B}.Debug|x64.ActiveCfg = Debug|Any CPU
		{3748CFB2-0FD3-47DD-ABEE-1BD610C5A01B}.Debug|x64.Build.0 = Debug|Any CPU
		{3748CFB2-0FD3-47DD-ABEE-1BD610C5A01B}.Debug|x86.ActiveCfg = Debug|Any CPU
		{3748CFB2-0FD3-47DD-ABEE-1BD610C5A01B}.Debug|x86.Build.0 = Debug|Any CPU
		{3748CFB2-0FD3-47DD-ABEE-1BD610C5A01B}.Release|Any CPU.ActiveCfg = Release|Any CPU
		{3748CFB2-0FD3-47DD-ABEE-1BD610C5A01B}.Release|Any CPU.Build.0 = Release|Any CPU
		{3748CFB2-0FD3-47DD-ABEE-1BD610C5A01B}.Release|x64.ActiveCfg = Release|Any CPU
		{3748CFB2-0FD3-47DD-ABEE-1BD610C5A01B}.Release|x64.Build.0 = Release|Any CPU
		{3748CFB2-0FD3-47DD-ABEE-1BD610C5A01B}.Release|x86.ActiveCfg = Release|Any CPU
		{3748CFB2-0FD3-47DD-ABEE-1BD610C5A01B}.Release|x86.Build.0 = Release|Any CPU
		{DB6DF2DD-9FA4-4884-A748-0CD7CFEA5D90}.Debug|Any CPU.ActiveCfg = Debug|Any CPU
		{DB6DF2DD-9FA4-4884-A748-0CD7CFEA5D90}.Debug|Any CPU.Build.0 = Debug|Any CPU
		{DB6DF2DD-9FA4-4884-A748-0CD7CFEA5D90}.Debug|x64.ActiveCfg = Debug|Any CPU
		{DB6DF2DD-9FA4-4884-A748-0CD7CFEA5D90}.Debug|x64.Build.0 = Debug|Any CPU
		{DB6DF2DD-9FA4-4884-A748-0CD7CFEA5D90}.Debug|x86.ActiveCfg = Debug|Any CPU
		{DB6DF2DD-9FA4-4884-A748-0CD7CFEA5D90}.Debug|x86.Build.0 = Debug|Any CPU
		{DB6DF2DD-9FA4-4884-A748-0CD7CFEA5D90}.Release|Any CPU.ActiveCfg = Release|Any CPU
		{DB6DF2DD-9FA4-4884-A748-0CD7CFEA5D90}.Release|Any CPU.Build.0 = Release|Any CPU
		{DB6DF2DD-9FA4-4884-A748-0CD7CFEA5D90}.Release|x64.ActiveCfg = Release|Any CPU
		{DB6DF2DD-9FA4-4884-A748-0CD7CFEA5D90}.Release|x64.Build.0 = Release|Any CPU
		{DB6DF2DD-9FA4-4884-A748-0CD7CFEA5D90}.Release|x86.ActiveCfg = Release|Any CPU
		{DB6DF2DD-9FA4-4884-A748-0CD7CFEA5D90}.Release|x86.Build.0 = Release|Any CPU
	EndGlobalSection
	GlobalSection(SolutionProperties) = preSolution
		HideSolutionNode = FALSE
	EndGlobalSection
EndGlobal
